// !$*UTF8*$!
{
	archiveVersion = 1;
	classes = {
	};
	objectVersion = 46;
	objects = {
/* Begin PBXBuildFile section */
		00E356F31AD99517003FC87E /* mundodevopsdesafioTests.m in Sources */ = {isa = PBXBuildFile; fileRef = 00E356F21AD99517003FC87E /* mundodevopsdesafioTests.m */; };
		13B07FBC1A68108700A75B9A /* AppDelegate.m in Sources */ = {isa = PBXBuildFile; fileRef = 13B07FB01A68108700A75B9A /* AppDelegate.m */; };
		13B07FBD1A68108700A75B9A /* LaunchScreen.xib in Resources */ = {isa = PBXBuildFile; fileRef = 13B07FB11A68108700A75B9A /* LaunchScreen.xib */; };
		13B07FBF1A68108700A75B9A /* Images.xcassets in Resources */ = {isa = PBXBuildFile; fileRef = 13B07FB51A68108700A75B9A /* Images.xcassets */; };
		13B07FC11A68108700A75B9A /* main.m in Sources */ = {isa = PBXBuildFile; fileRef = 13B07FB71A68108700A75B9A /* main.m */; };
		2D02E4BC1E0B4A80006451C7 /* AppDelegate.m in Sources */ = {isa = PBXBuildFile; fileRef = 13B07FB01A68108700A75B9A /* AppDelegate.m */; };
		2D02E4BD1E0B4A84006451C7 /* Images.xcassets in Resources */ = {isa = PBXBuildFile; fileRef = 13B07FB51A68108700A75B9A /* Images.xcassets */; };
		2D02E4BF1E0B4AB3006451C7 /* main.m in Sources */ = {isa = PBXBuildFile; fileRef = 13B07FB71A68108700A75B9A /* main.m */; };
		2DCD954D1E0B4F2C00145EB5 /* mundodevopsdesafioTests.m in Sources */ = {isa = PBXBuildFile; fileRef = 00E356F21AD99517003FC87E /* mundodevopsdesafioTests.m */; };
		CBA5D062E5854978BAE4EA8F /* AntDesign.ttf in Resources */ = {isa = PBXBuildFile; fileRef = 46C8646205C547E99B0FE5A8 /* AntDesign.ttf */; };
		3C5AA8BE46074481A949515A /* Entypo.ttf in Resources */ = {isa = PBXBuildFile; fileRef = C21812A7829142B39696C615 /* Entypo.ttf */; };
		661A7B2CB43B4124914BC029 /* EvilIcons.ttf in Resources */ = {isa = PBXBuildFile; fileRef = 5010F770E69D4E559D88FAE6 /* EvilIcons.ttf */; };
		DACAB5778BC24FB5970012FD /* Feather.ttf in Resources */ = {isa = PBXBuildFile; fileRef = D475D6B4E7024300B7B149D7 /* Feather.ttf */; };
		0DEEC8D1BBB24253BE9320EA /* FontAwesome.ttf in Resources */ = {isa = PBXBuildFile; fileRef = 3EA2454405D14C00A742A1FF /* FontAwesome.ttf */; };
		C140E66F507C4974B7151630 /* FontAwesome5_Brands.ttf in Resources */ = {isa = PBXBuildFile; fileRef = BC7543F911C0414084ACE50A /* FontAwesome5_Brands.ttf */; };
		C6CDEA5F4D234674BDF8E9BA /* FontAwesome5_Regular.ttf in Resources */ = {isa = PBXBuildFile; fileRef = B6FAC2773D54458C840E9DC9 /* FontAwesome5_Regular.ttf */; };
		213EC61D3E1A4A5E8095B11A /* FontAwesome5_Solid.ttf in Resources */ = {isa = PBXBuildFile; fileRef = 61AC8ECDE66E4FDEA02537AC /* FontAwesome5_Solid.ttf */; };
		DFE1CCB8AE2C4C69836C10A8 /* Fontisto.ttf in Resources */ = {isa = PBXBuildFile; fileRef = 56C89C23C99543959882416D /* Fontisto.ttf */; };
		1CCB7975ACE6427C8CD1A874 /* Foundation.ttf in Resources */ = {isa = PBXBuildFile; fileRef = 67D63422A49F4D3FA4C74942 /* Foundation.ttf */; };
		6905785639464939B7A4ECB3 /* Ionicons.ttf in Resources */ = {isa = PBXBuildFile; fileRef = EFE5C0CE096F48C9A8E7A42C /* Ionicons.ttf */; };
		677D84DA81BF455FB3F79E5E /* MaterialCommunityIcons.ttf in Resources */ = {isa = PBXBuildFile; fileRef = 9E4C3161F195488383300460 /* MaterialCommunityIcons.ttf */; };
		C4485250B38649F69BC2AFD0 /* MaterialIcons.ttf in Resources */ = {isa = PBXBuildFile; fileRef = 7AF2201AC0C94D798BE98498 /* MaterialIcons.ttf */; };
		52725E794888433C94918B68 /* Octicons.ttf in Resources */ = {isa = PBXBuildFile; fileRef = 49B5CC1D19EF48F8A1D70E8E /* Octicons.ttf */; };
		90D8A05D63AB4814B4B54BAA /* SimpleLineIcons.ttf in Resources */ = {isa = PBXBuildFile; fileRef = CDC4E829EE76429CAFC1689A /* SimpleLineIcons.ttf */; };
		5DA0C72B916343CBBDD78254 /* Zocial.ttf in Resources */ = {isa = PBXBuildFile; fileRef = 7DCFC9F36C214184BAC7EAB9 /* Zocial.ttf */; };
		0D8A009B32BE4220AC5F92C9 /* Montserrat-Black.ttf in Resources */ = {isa = PBXBuildFile; fileRef = 6FC8B412C0B043F7803D7AD2 /* Montserrat-Black.ttf */; };
		6287C734AAEE4B89A37C5E91 /* Montserrat-BlackItalic.ttf in Resources */ = {isa = PBXBuildFile; fileRef = 2D6B1AFDB5DB43C5B7C80324 /* Montserrat-BlackItalic.ttf */; };
		8FF09DD9DEE04ABC9BF18862 /* Montserrat-Bold.ttf in Resources */ = {isa = PBXBuildFile; fileRef = 1164CF6DF9294A10B684EF7A /* Montserrat-Bold.ttf */; };
		A080BF7716BE4107B486B337 /* Montserrat-BoldItalic.ttf in Resources */ = {isa = PBXBuildFile; fileRef = 1B0E017672C0440D847A1873 /* Montserrat-BoldItalic.ttf */; };
		F873D71630E4442F8AB9D8AD /* Montserrat-ExtraBold.ttf in Resources */ = {isa = PBXBuildFile; fileRef = 5F94767C13B641E8A5A58800 /* Montserrat-ExtraBold.ttf */; };
		A150BA03E5564C82B2C337A1 /* Montserrat-ExtraBoldItalic.ttf in Resources */ = {isa = PBXBuildFile; fileRef = D4B990FB961C470EA6389CD8 /* Montserrat-ExtraBoldItalic.ttf */; };
		040839AE72394FB38578A3DB /* Montserrat-ExtraLight.ttf in Resources */ = {isa = PBXBuildFile; fileRef = 1E49715F77C94EFABBEDBDF4 /* Montserrat-ExtraLight.ttf */; };
		EFE67B6016184F8BA6D8D003 /* Montserrat-ExtraLightItalic.ttf in Resources */ = {isa = PBXBuildFile; fileRef = 063AA409B16A4425BA0C1B5B /* Montserrat-ExtraLightItalic.ttf */; };
		1A5AEDDF3F9148999E06816C /* Montserrat-Light.ttf in Resources */ = {isa = PBXBuildFile; fileRef = 00C3C34AB57F4A98AE921CD1 /* Montserrat-Light.ttf */; };
		577A849AC6964655BD1C9989 /* Montserrat-LightItalic.ttf in Resources */ = {isa = PBXBuildFile; fileRef = 88F39DA28C554C13B1D9FC41 /* Montserrat-LightItalic.ttf */; };
		027A0D0DE9E44804BFCE38A9 /* Montserrat-Medium.ttf in Resources */ = {isa = PBXBuildFile; fileRef = AD897FE7BD874B738ECCAB95 /* Montserrat-Medium.ttf */; };
		2FA7FE2FB1964C83A7C2A661 /* Montserrat-MediumItalic.ttf in Resources */ = {isa = PBXBuildFile; fileRef = AE403655E9E54AE2929F87BD /* Montserrat-MediumItalic.ttf */; };
		76ADE0203DB145289A2DBE2A /* Montserrat-Regular.ttf in Resources */ = {isa = PBXBuildFile; fileRef = 3D4ED2F4D5114E4DB757C4D1 /* Montserrat-Regular.ttf */; };
		BF95CC836BA542DB81181950 /* Montserrat-RegularItalic.ttf in Resources */ = {isa = PBXBuildFile; fileRef = 58F77AB3E7DD4AA689C39E07 /* Montserrat-RegularItalic.ttf */; };
		FA31AC552671420CB9C3CBC6 /* Montserrat-SemiBold.ttf in Resources */ = {isa = PBXBuildFile; fileRef = E0F9F06D07A7446F9EC28F7C /* Montserrat-SemiBold.ttf */; };
		A645E0BB445C4745BEC342EE /* Montserrat-SemiBoldItalic.ttf in Resources */ = {isa = PBXBuildFile; fileRef = 42E04E23EC7148D7BBA063BD /* Montserrat-SemiBoldItalic.ttf */; };
		416773285A1A440C98F47AF5 /* Montserrat-Thin.ttf in Resources */ = {isa = PBXBuildFile; fileRef = E684186784CA472595DE9195 /* Montserrat-Thin.ttf */; };
		CCDC9DFE0B0B44A181474A3D /* Montserrat-ThinItalic.ttf in Resources */ = {isa = PBXBuildFile; fileRef = 608162F0593A4ED0922F2ABC /* Montserrat-ThinItalic.ttf */; };
		CC917CCD438D41948A1BDCB0 /* cycling.png in Resources */ = {isa = PBXBuildFile; fileRef = BBA610A077D24F538FA39A8C /* cycling.png */; };
		1680F16E15E14651B632282E /* gym.png in Resources */ = {isa = PBXBuildFile; fileRef = C8FEF4C12A634DB6975F9EE1 /* gym.png */; };
		42B20E522EF34D849CE6BA79 /* ic_balance.png in Resources */ = {isa = PBXBuildFile; fileRef = 4390975CCDF94D7B8B081D33 /* ic_balance.png */; };
		36B989DE09A94870ACD2124B /* ic_bike.png in Resources */ = {isa = PBXBuildFile; fileRef = D7946484EF754E3ABA0E971E /* ic_bike.png */; };
		6B284AA94D824AECA97E38E8 /* ic_dance.png in Resources */ = {isa = PBXBuildFile; fileRef = 25160A4A22CA40949827A199 /* ic_dance.png */; };
		23DDE001C7714AA184193CA3 /* ic_lower_body.png in Resources */ = {isa = PBXBuildFile; fileRef = 43E123226A484EDC9C02C22A /* ic_lower_body.png */; };
		C7F370960160479A85FEB37D /* ic_time.png in Resources */ = {isa = PBXBuildFile; fileRef = 52E10DE3CFEB423A83C4F18D /* ic_time.png */; };
		A95AFB5B54D8467382BDC560 /* ic_upper_body.png in Resources */ = {isa = PBXBuildFile; fileRef = ADDBB67662DE44C1BAC17801 /* ic_upper_body.png */; };
		479E826167E8407A938E62AF /* ic_yoga.png in Resources */ = {isa = PBXBuildFile; fileRef = 32D7A42DB16146E88A32FA99 /* ic_yoga.png */; };
		9CCA8BD3788F4C4D9AC4C7CF /* running.png in Resources */ = {isa = PBXBuildFile; fileRef = AEF57FD2C9A24A74B48DAE8A /* running.png */; };
		E9CC24042A5E4A17B7D795DE /* yoga.png in Resources */ = {isa = PBXBuildFile; fileRef = B3F7E68AB580413C95CB4C49 /* yoga.png */; };
/* End PBXBuildFile section */

/* Begin PBXContainerItemProxy section */
		00E356F41AD99517003FC87E /* PBXContainerItemProxy */ = {
			isa = PBXContainerItemProxy;
			containerPortal = 83CBB9F71A601CBA00E9B192 /* Project object */;
			proxyType = 1;
			remoteGlobalIDString = 13B07F861A680F5B00A75B9A;
			remoteInfo = mundodevopsdesafio;
		};
		2D02E4911E0B4A5D006451C7 /* PBXContainerItemProxy */ = {
			isa = PBXContainerItemProxy;
			containerPortal = 83CBB9F71A601CBA00E9B192 /* Project object */;
			proxyType = 1;
			remoteGlobalIDString = 2D02E47A1E0B4A5D006451C7;
			remoteInfo = "mundodevopsdesafio-tvOS";
		};
/* End PBXContainerItemProxy section */

/* Begin PBXFileReference section */
		008F07F21AC5B25A0029DE68 /* main.jsbundle */ = {isa = PBXFileReference; fileEncoding = 4; lastKnownFileType = text; path = main.jsbundle; sourceTree = "<group>"; };
		00E356EE1AD99517003FC87E /* mundodevopsdesafioTests.xctest */ = {isa = PBXFileReference; explicitFileType = wrapper.cfbundle; includeInIndex = 0; path = mundodevopsdesafioTests.xctest; sourceTree = BUILT_PRODUCTS_DIR; };
		00E356F11AD99517003FC87E /* Info.plist */ = {isa = PBXFileReference; lastKnownFileType = text.plist.xml; path = Info.plist; sourceTree = "<group>"; };
		00E356F21AD99517003FC87E /* mundodevopsdesafioTests.m */ = {isa = PBXFileReference; lastKnownFileType = sourcecode.c.objc; path = mundodevopsdesafioTests.m; sourceTree = "<group>"; };
		13B07F961A680F5B00A75B9A /* mundodevopsdesafio.app */ = {isa = PBXFileReference; explicitFileType = wrapper.application; includeInIndex = 0; path = mundodevopsdesafio.app; sourceTree = BUILT_PRODUCTS_DIR; };
		13B07FAF1A68108700A75B9A /* AppDelegate.h */ = {isa = PBXFileReference; fileEncoding = 4; lastKnownFileType = sourcecode.c.h; name = AppDelegate.h; path = mundodevopsdesafio/AppDelegate.h; sourceTree = "<group>"; };
		13B07FB01A68108700A75B9A /* AppDelegate.m */ = {isa = PBXFileReference; fileEncoding = 4; lastKnownFileType = sourcecode.c.objc; name = AppDelegate.m; path = mundodevopsdesafio/AppDelegate.m; sourceTree = "<group>"; };
		13B07FB21A68108700A75B9A /* Base */ = {isa = PBXFileReference; lastKnownFileType = file.xib; name = Base; path = Base.lproj/LaunchScreen.xib; sourceTree = "<group>"; };
		13B07FB51A68108700A75B9A /* Images.xcassets */ = {isa = PBXFileReference; lastKnownFileType = folder.assetcatalog; name = Images.xcassets; path = mundodevopsdesafio/Images.xcassets; sourceTree = "<group>"; };
		13B07FB61A68108700A75B9A /* Info.plist */ = {isa = PBXFileReference; fileEncoding = 4; lastKnownFileType = text.plist.xml; name = Info.plist; path = mundodevopsdesafio/Info.plist; sourceTree = "<group>"; };
		13B07FB71A68108700A75B9A /* main.m */ = {isa = PBXFileReference; fileEncoding = 4; lastKnownFileType = sourcecode.c.objc; name = main.m; path = mundodevopsdesafio/main.m; sourceTree = "<group>"; };
		2D02E47B1E0B4A5D006451C7 /* mundodevopsdesafio-tvOS.app */ = {isa = PBXFileReference; explicitFileType = wrapper.application; includeInIndex = 0; path = "mundodevopsdesafio-tvOS.app"; sourceTree = BUILT_PRODUCTS_DIR; };
		2D02E4901E0B4A5D006451C7 /* mundodevopsdesafio-tvOSTests.xctest */ = {isa = PBXFileReference; explicitFileType = wrapper.cfbundle; includeInIndex = 0; path = "mundodevopsdesafio-tvOSTests.xctest"; sourceTree = BUILT_PRODUCTS_DIR; };
		ED297162215061F000B7C4FE /* JavaScriptCore.framework */ = {isa = PBXFileReference; lastKnownFileType = wrapper.framework; name = JavaScriptCore.framework; path = System/Library/Frameworks/JavaScriptCore.framework; sourceTree = SDKROOT; };
		ED2971642150620600B7C4FE /* JavaScriptCore.framework */ = {isa = PBXFileReference; lastKnownFileType = wrapper.framework; name = JavaScriptCore.framework; path = Platforms/AppleTVOS.platform/Developer/SDKs/AppleTVOS12.0.sdk/System/Library/Frameworks/JavaScriptCore.framework; sourceTree = DEVELOPER_DIR; };
		46C8646205C547E99B0FE5A8 /* AntDesign.ttf */ = {isa = PBXFileReference; name = "AntDesign.ttf"; path = "../node_modules/react-native-vector-icons/Fonts/AntDesign.ttf"; sourceTree = "<group>"; fileEncoding = undefined; lastKnownFileType = unknown; explicitFileType = undefined; includeInIndex = 0; };
		C21812A7829142B39696C615 /* Entypo.ttf */ = {isa = PBXFileReference; name = "Entypo.ttf"; path = "../node_modules/react-native-vector-icons/Fonts/Entypo.ttf"; sourceTree = "<group>"; fileEncoding = undefined; lastKnownFileType = unknown; explicitFileType = undefined; includeInIndex = 0; };
		5010F770E69D4E559D88FAE6 /* EvilIcons.ttf */ = {isa = PBXFileReference; name = "EvilIcons.ttf"; path = "../node_modules/react-native-vector-icons/Fonts/EvilIcons.ttf"; sourceTree = "<group>"; fileEncoding = undefined; lastKnownFileType = unknown; explicitFileType = undefined; includeInIndex = 0; };
		D475D6B4E7024300B7B149D7 /* Feather.ttf */ = {isa = PBXFileReference; name = "Feather.ttf"; path = "../node_modules/react-native-vector-icons/Fonts/Feather.ttf"; sourceTree = "<group>"; fileEncoding = undefined; lastKnownFileType = unknown; explicitFileType = undefined; includeInIndex = 0; };
		3EA2454405D14C00A742A1FF /* FontAwesome.ttf */ = {isa = PBXFileReference; name = "FontAwesome.ttf"; path = "../node_modules/react-native-vector-icons/Fonts/FontAwesome.ttf"; sourceTree = "<group>"; fileEncoding = undefined; lastKnownFileType = unknown; explicitFileType = undefined; includeInIndex = 0; };
		BC7543F911C0414084ACE50A /* FontAwesome5_Brands.ttf */ = {isa = PBXFileReference; name = "FontAwesome5_Brands.ttf"; path = "../node_modules/react-native-vector-icons/Fonts/FontAwesome5_Brands.ttf"; sourceTree = "<group>"; fileEncoding = undefined; lastKnownFileType = unknown; explicitFileType = undefined; includeInIndex = 0; };
		B6FAC2773D54458C840E9DC9 /* FontAwesome5_Regular.ttf */ = {isa = PBXFileReference; name = "FontAwesome5_Regular.ttf"; path = "../node_modules/react-native-vector-icons/Fonts/FontAwesome5_Regular.ttf"; sourceTree = "<group>"; fileEncoding = undefined; lastKnownFileType = unknown; explicitFileType = undefined; includeInIndex = 0; };
		61AC8ECDE66E4FDEA02537AC /* FontAwesome5_Solid.ttf */ = {isa = PBXFileReference; name = "FontAwesome5_Solid.ttf"; path = "../node_modules/react-native-vector-icons/Fonts/FontAwesome5_Solid.ttf"; sourceTree = "<group>"; fileEncoding = undefined; lastKnownFileType = unknown; explicitFileType = undefined; includeInIndex = 0; };
		56C89C23C99543959882416D /* Fontisto.ttf */ = {isa = PBXFileReference; name = "Fontisto.ttf"; path = "../node_modules/react-native-vector-icons/Fonts/Fontisto.ttf"; sourceTree = "<group>"; fileEncoding = undefined; lastKnownFileType = unknown; explicitFileType = undefined; includeInIndex = 0; };
		67D63422A49F4D3FA4C74942 /* Foundation.ttf */ = {isa = PBXFileReference; name = "Foundation.ttf"; path = "../node_modules/react-native-vector-icons/Fonts/Foundation.ttf"; sourceTree = "<group>"; fileEncoding = undefined; lastKnownFileType = unknown; explicitFileType = undefined; includeInIndex = 0; };
		EFE5C0CE096F48C9A8E7A42C /* Ionicons.ttf */ = {isa = PBXFileReference; name = "Ionicons.ttf"; path = "../node_modules/react-native-vector-icons/Fonts/Ionicons.ttf"; sourceTree = "<group>"; fileEncoding = undefined; lastKnownFileType = unknown; explicitFileType = undefined; includeInIndex = 0; };
		9E4C3161F195488383300460 /* MaterialCommunityIcons.ttf */ = {isa = PBXFileReference; name = "MaterialCommunityIcons.ttf"; path = "../node_modules/react-native-vector-icons/Fonts/MaterialCommunityIcons.ttf"; sourceTree = "<group>"; fileEncoding = undefined; lastKnownFileType = unknown; explicitFileType = undefined; includeInIndex = 0; };
		7AF2201AC0C94D798BE98498 /* MaterialIcons.ttf */ = {isa = PBXFileReference; name = "MaterialIcons.ttf"; path = "../node_modules/react-native-vector-icons/Fonts/MaterialIcons.ttf"; sourceTree = "<group>"; fileEncoding = undefined; lastKnownFileType = unknown; explicitFileType = undefined; includeInIndex = 0; };
		49B5CC1D19EF48F8A1D70E8E /* Octicons.ttf */ = {isa = PBXFileReference; name = "Octicons.ttf"; path = "../node_modules/react-native-vector-icons/Fonts/Octicons.ttf"; sourceTree = "<group>"; fileEncoding = undefined; lastKnownFileType = unknown; explicitFileType = undefined; includeInIndex = 0; };
		CDC4E829EE76429CAFC1689A /* SimpleLineIcons.ttf */ = {isa = PBXFileReference; name = "SimpleLineIcons.ttf"; path = "../node_modules/react-native-vector-icons/Fonts/SimpleLineIcons.ttf"; sourceTree = "<group>"; fileEncoding = undefined; lastKnownFileType = unknown; explicitFileType = undefined; includeInIndex = 0; };
		7DCFC9F36C214184BAC7EAB9 /* Zocial.ttf */ = {isa = PBXFileReference; name = "Zocial.ttf"; path = "../node_modules/react-native-vector-icons/Fonts/Zocial.ttf"; sourceTree = "<group>"; fileEncoding = undefined; lastKnownFileType = unknown; explicitFileType = undefined; includeInIndex = 0; };
		6FC8B412C0B043F7803D7AD2 /* Montserrat-Black.ttf */ = {isa = PBXFileReference; name = "Montserrat-Black.ttf"; path = "../src/assets/fonts/Montserrat/Montserrat-Black.ttf"; sourceTree = "<group>"; fileEncoding = undefined; lastKnownFileType = unknown; explicitFileType = undefined; includeInIndex = 0; };
		2D6B1AFDB5DB43C5B7C80324 /* Montserrat-BlackItalic.ttf */ = {isa = PBXFileReference; name = "Montserrat-BlackItalic.ttf"; path = "../src/assets/fonts/Montserrat/Montserrat-BlackItalic.ttf"; sourceTree = "<group>"; fileEncoding = undefined; lastKnownFileType = unknown; explicitFileType = undefined; includeInIndex = 0; };
		1164CF6DF9294A10B684EF7A /* Montserrat-Bold.ttf */ = {isa = PBXFileReference; name = "Montserrat-Bold.ttf"; path = "../src/assets/fonts/Montserrat/Montserrat-Bold.ttf"; sourceTree = "<group>"; fileEncoding = undefined; lastKnownFileType = unknown; explicitFileType = undefined; includeInIndex = 0; };
		1B0E017672C0440D847A1873 /* Montserrat-BoldItalic.ttf */ = {isa = PBXFileReference; name = "Montserrat-BoldItalic.ttf"; path = "../src/assets/fonts/Montserrat/Montserrat-BoldItalic.ttf"; sourceTree = "<group>"; fileEncoding = undefined; lastKnownFileType = unknown; explicitFileType = undefined; includeInIndex = 0; };
		5F94767C13B641E8A5A58800 /* Montserrat-ExtraBold.ttf */ = {isa = PBXFileReference; name = "Montserrat-ExtraBold.ttf"; path = "../src/assets/fonts/Montserrat/Montserrat-ExtraBold.ttf"; sourceTree = "<group>"; fileEncoding = undefined; lastKnownFileType = unknown; explicitFileType = undefined; includeInIndex = 0; };
		D4B990FB961C470EA6389CD8 /* Montserrat-ExtraBoldItalic.ttf */ = {isa = PBXFileReference; name = "Montserrat-ExtraBoldItalic.ttf"; path = "../src/assets/fonts/Montserrat/Montserrat-ExtraBoldItalic.ttf"; sourceTree = "<group>"; fileEncoding = undefined; lastKnownFileType = unknown; explicitFileType = undefined; includeInIndex = 0; };
		1E49715F77C94EFABBEDBDF4 /* Montserrat-ExtraLight.ttf */ = {isa = PBXFileReference; name = "Montserrat-ExtraLight.ttf"; path = "../src/assets/fonts/Montserrat/Montserrat-ExtraLight.ttf"; sourceTree = "<group>"; fileEncoding = undefined; lastKnownFileType = unknown; explicitFileType = undefined; includeInIndex = 0; };
		063AA409B16A4425BA0C1B5B /* Montserrat-ExtraLightItalic.ttf */ = {isa = PBXFileReference; name = "Montserrat-ExtraLightItalic.ttf"; path = "../src/assets/fonts/Montserrat/Montserrat-ExtraLightItalic.ttf"; sourceTree = "<group>"; fileEncoding = undefined; lastKnownFileType = unknown; explicitFileType = undefined; includeInIndex = 0; };
		00C3C34AB57F4A98AE921CD1 /* Montserrat-Light.ttf */ = {isa = PBXFileReference; name = "Montserrat-Light.ttf"; path = "../src/assets/fonts/Montserrat/Montserrat-Light.ttf"; sourceTree = "<group>"; fileEncoding = undefined; lastKnownFileType = unknown; explicitFileType = undefined; includeInIndex = 0; };
		88F39DA28C554C13B1D9FC41 /* Montserrat-LightItalic.ttf */ = {isa = PBXFileReference; name = "Montserrat-LightItalic.ttf"; path = "../src/assets/fonts/Montserrat/Montserrat-LightItalic.ttf"; sourceTree = "<group>"; fileEncoding = undefined; lastKnownFileType = unknown; explicitFileType = undefined; includeInIndex = 0; };
		AD897FE7BD874B738ECCAB95 /* Montserrat-Medium.ttf */ = {isa = PBXFileReference; name = "Montserrat-Medium.ttf"; path = "../src/assets/fonts/Montserrat/Montserrat-Medium.ttf"; sourceTree = "<group>"; fileEncoding = undefined; lastKnownFileType = unknown; explicitFileType = undefined; includeInIndex = 0; };
		AE403655E9E54AE2929F87BD /* Montserrat-MediumItalic.ttf */ = {isa = PBXFileReference; name = "Montserrat-MediumItalic.ttf"; path = "../src/assets/fonts/Montserrat/Montserrat-MediumItalic.ttf"; sourceTree = "<group>"; fileEncoding = undefined; lastKnownFileType = unknown; explicitFileType = undefined; includeInIndex = 0; };
		3D4ED2F4D5114E4DB757C4D1 /* Montserrat-Regular.ttf */ = {isa = PBXFileReference; name = "Montserrat-Regular.ttf"; path = "../src/assets/fonts/Montserrat/Montserrat-Regular.ttf"; sourceTree = "<group>"; fileEncoding = undefined; lastKnownFileType = unknown; explicitFileType = undefined; includeInIndex = 0; };
		58F77AB3E7DD4AA689C39E07 /* Montserrat-RegularItalic.ttf */ = {isa = PBXFileReference; name = "Montserrat-RegularItalic.ttf"; path = "../src/assets/fonts/Montserrat/Montserrat-RegularItalic.ttf"; sourceTree = "<group>"; fileEncoding = undefined; lastKnownFileType = unknown; explicitFileType = undefined; includeInIndex = 0; };
		E0F9F06D07A7446F9EC28F7C /* Montserrat-SemiBold.ttf */ = {isa = PBXFileReference; name = "Montserrat-SemiBold.ttf"; path = "../src/assets/fonts/Montserrat/Montserrat-SemiBold.ttf"; sourceTree = "<group>"; fileEncoding = undefined; lastKnownFileType = unknown; explicitFileType = undefined; includeInIndex = 0; };
		42E04E23EC7148D7BBA063BD /* Montserrat-SemiBoldItalic.ttf */ = {isa = PBXFileReference; name = "Montserrat-SemiBoldItalic.ttf"; path = "../src/assets/fonts/Montserrat/Montserrat-SemiBoldItalic.ttf"; sourceTree = "<group>"; fileEncoding = undefined; lastKnownFileType = unknown; explicitFileType = undefined; includeInIndex = 0; };
		E684186784CA472595DE9195 /* Montserrat-Thin.ttf */ = {isa = PBXFileReference; name = "Montserrat-Thin.ttf"; path = "../src/assets/fonts/Montserrat/Montserrat-Thin.ttf"; sourceTree = "<group>"; fileEncoding = undefined; lastKnownFileType = unknown; explicitFileType = undefined; includeInIndex = 0; };
		608162F0593A4ED0922F2ABC /* Montserrat-ThinItalic.ttf */ = {isa = PBXFileReference; name = "Montserrat-ThinItalic.ttf"; path = "../src/assets/fonts/Montserrat/Montserrat-ThinItalic.ttf"; sourceTree = "<group>"; fileEncoding = undefined; lastKnownFileType = unknown; explicitFileType = undefined; includeInIndex = 0; };
		BBA610A077D24F538FA39A8C /* cycling.png */ = {isa = PBXFileReference; name = "cycling.png"; path = "../src/assets/img/cycling.png"; sourceTree = "<group>"; fileEncoding = undefined; lastKnownFileType = unknown; explicitFileType = undefined; includeInIndex = 0; };
		C8FEF4C12A634DB6975F9EE1 /* gym.png */ = {isa = PBXFileReference; name = "gym.png"; path = "../src/assets/img/gym.png"; sourceTree = "<group>"; fileEncoding = undefined; lastKnownFileType = unknown; explicitFileType = undefined; includeInIndex = 0; };
		4390975CCDF94D7B8B081D33 /* ic_balance.png */ = {isa = PBXFileReference; name = "ic_balance.png"; path = "../src/assets/img/ic_balance.png"; sourceTree = "<group>"; fileEncoding = undefined; lastKnownFileType = unknown; explicitFileType = undefined; includeInIndex = 0; };
		D7946484EF754E3ABA0E971E /* ic_bike.png */ = {isa = PBXFileReference; name = "ic_bike.png"; path = "../src/assets/img/ic_bike.png"; sourceTree = "<group>"; fileEncoding = undefined; lastKnownFileType = unknown; explicitFileType = undefined; includeInIndex = 0; };
		25160A4A22CA40949827A199 /* ic_dance.png */ = {isa = PBXFileReference; name = "ic_dance.png"; path = "../src/assets/img/ic_dance.png"; sourceTree = "<group>"; fileEncoding = undefined; lastKnownFileType = unknown; explicitFileType = undefined; includeInIndex = 0; };
		43E123226A484EDC9C02C22A /* ic_lower_body.png */ = {isa = PBXFileReference; name = "ic_lower_body.png"; path = "../src/assets/img/ic_lower_body.png"; sourceTree = "<group>"; fileEncoding = undefined; lastKnownFileType = unknown; explicitFileType = undefined; includeInIndex = 0; };
		52E10DE3CFEB423A83C4F18D /* ic_time.png */ = {isa = PBXFileReference; name = "ic_time.png"; path = "../src/assets/img/ic_time.png"; sourceTree = "<group>"; fileEncoding = undefined; lastKnownFileType = unknown; explicitFileType = undefined; includeInIndex = 0; };
		ADDBB67662DE44C1BAC17801 /* ic_upper_body.png */ = {isa = PBXFileReference; name = "ic_upper_body.png"; path = "../src/assets/img/ic_upper_body.png"; sourceTree = "<group>"; fileEncoding = undefined; lastKnownFileType = unknown; explicitFileType = undefined; includeInIndex = 0; };
		32D7A42DB16146E88A32FA99 /* ic_yoga.png */ = {isa = PBXFileReference; name = "ic_yoga.png"; path = "../src/assets/img/ic_yoga.png"; sourceTree = "<group>"; fileEncoding = undefined; lastKnownFileType = unknown; explicitFileType = undefined; includeInIndex = 0; };
		AEF57FD2C9A24A74B48DAE8A /* running.png */ = {isa = PBXFileReference; name = "running.png"; path = "../src/assets/img/running.png"; sourceTree = "<group>"; fileEncoding = undefined; lastKnownFileType = unknown; explicitFileType = undefined; includeInIndex = 0; };
		B3F7E68AB580413C95CB4C49 /* yoga.png */ = {isa = PBXFileReference; name = "yoga.png"; path = "../src/assets/img/yoga.png"; sourceTree = "<group>"; fileEncoding = undefined; lastKnownFileType = unknown; explicitFileType = undefined; includeInIndex = 0; };
/* End PBXFileReference section */

/* Begin PBXFrameworksBuildPhase section */
		00E356EB1AD99517003FC87E /* Frameworks */ = {
			isa = PBXFrameworksBuildPhase;
			buildActionMask = 2147483647;
			files = (
			);
			runOnlyForDeploymentPostprocessing = 0;
		};
		13B07F8C1A680F5B00A75B9A /* Frameworks */ = {
			isa = PBXFrameworksBuildPhase;
			buildActionMask = 2147483647;
			files = (
			);
			runOnlyForDeploymentPostprocessing = 0;
		};
		2D02E4781E0B4A5D006451C7 /* Frameworks */ = {
			isa = PBXFrameworksBuildPhase;
			buildActionMask = 2147483647;
			files = (
			);
			runOnlyForDeploymentPostprocessing = 0;
		};
		2D02E48D1E0B4A5D006451C7 /* Frameworks */ = {
			isa = PBXFrameworksBuildPhase;
			buildActionMask = 2147483647;
			files = (
			);
			runOnlyForDeploymentPostprocessing = 0;
		};
/* End PBXFrameworksBuildPhase section */

/* Begin PBXGroup section */
		00E356EF1AD99517003FC87E /* mundodevopsdesafioTests */ = {
			isa = PBXGroup;
			children = (
				00E356F21AD99517003FC87E /* mundodevopsdesafioTests.m */,
				00E356F01AD99517003FC87E /* Supporting Files */,
			);
			path = mundodevopsdesafioTests;
			sourceTree = "<group>";
		};
		00E356F01AD99517003FC87E /* Supporting Files */ = {
			isa = PBXGroup;
			children = (
				00E356F11AD99517003FC87E /* Info.plist */,
			);
			name = "Supporting Files";
			sourceTree = "<group>";
		};
		13B07FAE1A68108700A75B9A /* mundodevopsdesafio */ = {
			isa = PBXGroup;
			children = (
				008F07F21AC5B25A0029DE68 /* main.jsbundle */,
				13B07FAF1A68108700A75B9A /* AppDelegate.h */,
				13B07FB01A68108700A75B9A /* AppDelegate.m */,
				13B07FB51A68108700A75B9A /* Images.xcassets */,
				13B07FB61A68108700A75B9A /* Info.plist */,
				13B07FB11A68108700A75B9A /* LaunchScreen.xib */,
				13B07FB71A68108700A75B9A /* main.m */,
			);
			name = mundodevopsdesafio;
			sourceTree = "<group>";
		};
		2D16E6871FA4F8E400B85C8A /* Frameworks */ = {
			isa = PBXGroup;
			children = (
				ED297162215061F000B7C4FE /* JavaScriptCore.framework */,
				ED2971642150620600B7C4FE /* JavaScriptCore.framework */,
			);
			name = Frameworks;
			sourceTree = "<group>";
		};
		832341AE1AAA6A7D00B99B32 /* Libraries */ = {
			isa = PBXGroup;
			children = (
			);
			name = Libraries;
			sourceTree = "<group>";
		};
		83CBB9F61A601CBA00E9B192 = {
			isa = PBXGroup;
			children = (
				13B07FAE1A68108700A75B9A /* mundodevopsdesafio */,
				832341AE1AAA6A7D00B99B32 /* Libraries */,
				00E356EF1AD99517003FC87E /* mundodevopsdesafioTests */,
				83CBBA001A601CBA00E9B192 /* Products */,
				2D16E6871FA4F8E400B85C8A /* Frameworks */,
				7B1470174EC34E16A16B959A /* Resources */,
			);
			indentWidth = 2;
			sourceTree = "<group>";
			tabWidth = 2;
			usesTabs = 0;
		};
		83CBBA001A601CBA00E9B192 /* Products */ = {
			isa = PBXGroup;
			children = (
				13B07F961A680F5B00A75B9A /* mundodevopsdesafio.app */,
				00E356EE1AD99517003FC87E /* mundodevopsdesafioTests.xctest */,
				2D02E47B1E0B4A5D006451C7 /* mundodevopsdesafio-tvOS.app */,
				2D02E4901E0B4A5D006451C7 /* mundodevopsdesafio-tvOSTests.xctest */,
			);
			name = Products;
			sourceTree = "<group>";
		};
		7B1470174EC34E16A16B959A /* Resources */ = {
			isa = "PBXGroup";
			children = (
				46C8646205C547E99B0FE5A8 /* AntDesign.ttf */,
				C21812A7829142B39696C615 /* Entypo.ttf */,
				5010F770E69D4E559D88FAE6 /* EvilIcons.ttf */,
				D475D6B4E7024300B7B149D7 /* Feather.ttf */,
				3EA2454405D14C00A742A1FF /* FontAwesome.ttf */,
				BC7543F911C0414084ACE50A /* FontAwesome5_Brands.ttf */,
				B6FAC2773D54458C840E9DC9 /* FontAwesome5_Regular.ttf */,
				61AC8ECDE66E4FDEA02537AC /* FontAwesome5_Solid.ttf */,
				56C89C23C99543959882416D /* Fontisto.ttf */,
				67D63422A49F4D3FA4C74942 /* Foundation.ttf */,
				EFE5C0CE096F48C9A8E7A42C /* Ionicons.ttf */,
				9E4C3161F195488383300460 /* MaterialCommunityIcons.ttf */,
				7AF2201AC0C94D798BE98498 /* MaterialIcons.ttf */,
				49B5CC1D19EF48F8A1D70E8E /* Octicons.ttf */,
				CDC4E829EE76429CAFC1689A /* SimpleLineIcons.ttf */,
				7DCFC9F36C214184BAC7EAB9 /* Zocial.ttf */,
				6FC8B412C0B043F7803D7AD2 /* Montserrat-Black.ttf */,
				2D6B1AFDB5DB43C5B7C80324 /* Montserrat-BlackItalic.ttf */,
				1164CF6DF9294A10B684EF7A /* Montserrat-Bold.ttf */,
				1B0E017672C0440D847A1873 /* Montserrat-BoldItalic.ttf */,
				5F94767C13B641E8A5A58800 /* Montserrat-ExtraBold.ttf */,
				D4B990FB961C470EA6389CD8 /* Montserrat-ExtraBoldItalic.ttf */,
				1E49715F77C94EFABBEDBDF4 /* Montserrat-ExtraLight.ttf */,
				063AA409B16A4425BA0C1B5B /* Montserrat-ExtraLightItalic.ttf */,
				00C3C34AB57F4A98AE921CD1 /* Montserrat-Light.ttf */,
				88F39DA28C554C13B1D9FC41 /* Montserrat-LightItalic.ttf */,
				AD897FE7BD874B738ECCAB95 /* Montserrat-Medium.ttf */,
				AE403655E9E54AE2929F87BD /* Montserrat-MediumItalic.ttf */,
				3D4ED2F4D5114E4DB757C4D1 /* Montserrat-Regular.ttf */,
				58F77AB3E7DD4AA689C39E07 /* Montserrat-RegularItalic.ttf */,
				E0F9F06D07A7446F9EC28F7C /* Montserrat-SemiBold.ttf */,
				42E04E23EC7148D7BBA063BD /* Montserrat-SemiBoldItalic.ttf */,
				E684186784CA472595DE9195 /* Montserrat-Thin.ttf */,
				608162F0593A4ED0922F2ABC /* Montserrat-ThinItalic.ttf */,
				BBA610A077D24F538FA39A8C /* cycling.png */,
				C8FEF4C12A634DB6975F9EE1 /* gym.png */,
				4390975CCDF94D7B8B081D33 /* ic_balance.png */,
				D7946484EF754E3ABA0E971E /* ic_bike.png */,
				25160A4A22CA40949827A199 /* ic_dance.png */,
				43E123226A484EDC9C02C22A /* ic_lower_body.png */,
				52E10DE3CFEB423A83C4F18D /* ic_time.png */,
				ADDBB67662DE44C1BAC17801 /* ic_upper_body.png */,
				32D7A42DB16146E88A32FA99 /* ic_yoga.png */,
				AEF57FD2C9A24A74B48DAE8A /* running.png */,
				B3F7E68AB580413C95CB4C49 /* yoga.png */,
			);
			name = Resources;
			sourceTree = "<group>";
			path = "";
		};
/* End PBXGroup section */

/* Begin PBXNativeTarget section */
		00E356ED1AD99517003FC87E /* mundodevopsdesafioTests */ = {
			isa = PBXNativeTarget;
			buildConfigurationList = 00E357021AD99517003FC87E /* Build configuration list for PBXNativeTarget "mundodevopsdesafioTests" */;
			buildPhases = (
				00E356EA1AD99517003FC87E /* Sources */,
				00E356EB1AD99517003FC87E /* Frameworks */,
				00E356EC1AD99517003FC87E /* Resources */,
			);
			buildRules = (
			);
			dependencies = (
				00E356F51AD99517003FC87E /* PBXTargetDependency */,
			);
			name = mundodevopsdesafioTests;
			productName = mundodevopsdesafioTests;
			productReference = 00E356EE1AD99517003FC87E /* mundodevopsdesafioTests.xctest */;
			productType = "com.apple.product-type.bundle.unit-test";
		};
		13B07F861A680F5B00A75B9A /* mundodevopsdesafio */ = {
			isa = PBXNativeTarget;
			buildConfigurationList = 13B07F931A680F5B00A75B9A /* Build configuration list for PBXNativeTarget "mundodevopsdesafio" */;
			buildPhases = (
				FD10A7F022414F080027D42C /* Start Packager */,
				13B07F871A680F5B00A75B9A /* Sources */,
				13B07F8C1A680F5B00A75B9A /* Frameworks */,
				13B07F8E1A680F5B00A75B9A /* Resources */,
				00DD1BFF1BD5951E006B06BC /* Bundle React Native code and images */,
			);
			buildRules = (
			);
			dependencies = (
			);
			name = mundodevopsdesafio;
			productName = "mundodevopsdesafio";
			productReference = 13B07F961A680F5B00A75B9A /* mundodevopsdesafio.app */;
			productType = "com.apple.product-type.application";
		};
		2D02E47A1E0B4A5D006451C7 /* mundodevopsdesafio-tvOS */ = {
			isa = PBXNativeTarget;
			buildConfigurationList = 2D02E4BA1E0B4A5E006451C7 /* Build configuration list for PBXNativeTarget "mundodevopsdesafio-tvOS" */;
			buildPhases = (
				FD10A7F122414F3F0027D42C /* Start Packager */,
				2D02E4771E0B4A5D006451C7 /* Sources */,
				2D02E4781E0B4A5D006451C7 /* Frameworks */,
				2D02E4791E0B4A5D006451C7 /* Resources */,
				2D02E4CB1E0B4B27006451C7 /* Bundle React Native Code And Images */,
			);
			buildRules = (
			);
			dependencies = (
			);
			name = "mundodevopsdesafio-tvOS";
			productName = "mundodevopsdesafio-tvOS";
			productReference = 2D02E47B1E0B4A5D006451C7 /* mundodevopsdesafio-tvOS.app */;
			productType = "com.apple.product-type.application";
		};
		2D02E48F1E0B4A5D006451C7 /* mundodevopsdesafio-tvOSTests */ = {
			isa = PBXNativeTarget;
			buildConfigurationList = 2D02E4BB1E0B4A5E006451C7 /* Build configuration list for PBXNativeTarget "mundodevopsdesafio-tvOSTests" */;
			buildPhases = (
				2D02E48C1E0B4A5D006451C7 /* Sources */,
				2D02E48D1E0B4A5D006451C7 /* Frameworks */,
				2D02E48E1E0B4A5D006451C7 /* Resources */,
			);
			buildRules = (
			);
			dependencies = (
				2D02E4921E0B4A5D006451C7 /* PBXTargetDependency */,
			);
			name = "mundodevopsdesafio-tvOSTests";
			productName = "mundodevopsdesafio-tvOSTests";
			productReference = 2D02E4901E0B4A5D006451C7 /* mundodevopsdesafio-tvOSTests.xctest */;
			productType = "com.apple.product-type.bundle.unit-test";
		};
/* End PBXNativeTarget section */

/* Begin PBXProject section */
		83CBB9F71A601CBA00E9B192 /* Project object */ = {
			isa = PBXProject;
			attributes = {
				LastUpgradeCheck = 940;
				ORGANIZATIONNAME = Facebook;
				TargetAttributes = {
					00E356ED1AD99517003FC87E = {
						CreatedOnToolsVersion = 6.2;
						TestTargetID = 13B07F861A680F5B00A75B9A;
					};
					2D02E47A1E0B4A5D006451C7 = {
						CreatedOnToolsVersion = 8.2.1;
						ProvisioningStyle = Automatic;
					};
					2D02E48F1E0B4A5D006451C7 = {
						CreatedOnToolsVersion = 8.2.1;
						ProvisioningStyle = Automatic;
						TestTargetID = 2D02E47A1E0B4A5D006451C7;
					};
				};
			};
			buildConfigurationList = 83CBB9FA1A601CBA00E9B192 /* Build configuration list for PBXProject "mundodevopsdesafio" */;
			compatibilityVersion = "Xcode 3.2";
			developmentRegion = English;
			hasScannedForEncodings = 0;
			knownRegions = (
				en,
				Base,
			);
			mainGroup = 83CBB9F61A601CBA00E9B192;
			productRefGroup = 83CBBA001A601CBA00E9B192 /* Products */;
			projectDirPath = "";
			projectRoot = "";
			targets = (
				13B07F861A680F5B00A75B9A /* mundodevopsdesafio */,
				00E356ED1AD99517003FC87E /* mundodevopsdesafioTests */,
				2D02E47A1E0B4A5D006451C7 /* mundodevopsdesafio-tvOS */,
				2D02E48F1E0B4A5D006451C7 /* mundodevopsdesafio-tvOSTests */,
			);
		};
/* End PBXProject section */

/* Begin PBXResourcesBuildPhase section */
		00E356EC1AD99517003FC87E /* Resources */ = {
			isa = PBXResourcesBuildPhase;
			buildActionMask = 2147483647;
			files = (
			);
			runOnlyForDeploymentPostprocessing = 0;
		};
		13B07F8E1A680F5B00A75B9A /* Resources */ = {
			isa = PBXResourcesBuildPhase;
			buildActionMask = 2147483647;
			files = (
				13B07FBF1A68108700A75B9A /* Images.xcassets in Resources */,
				13B07FBD1A68108700A75B9A /* LaunchScreen.xib in Resources */,
				CBA5D062E5854978BAE4EA8F /* AntDesign.ttf in Resources */,
				3C5AA8BE46074481A949515A /* Entypo.ttf in Resources */,
				661A7B2CB43B4124914BC029 /* EvilIcons.ttf in Resources */,
				DACAB5778BC24FB5970012FD /* Feather.ttf in Resources */,
				0DEEC8D1BBB24253BE9320EA /* FontAwesome.ttf in Resources */,
				C140E66F507C4974B7151630 /* FontAwesome5_Brands.ttf in Resources */,
				C6CDEA5F4D234674BDF8E9BA /* FontAwesome5_Regular.ttf in Resources */,
				213EC61D3E1A4A5E8095B11A /* FontAwesome5_Solid.ttf in Resources */,
				DFE1CCB8AE2C4C69836C10A8 /* Fontisto.ttf in Resources */,
				1CCB7975ACE6427C8CD1A874 /* Foundation.ttf in Resources */,
				6905785639464939B7A4ECB3 /* Ionicons.ttf in Resources */,
				677D84DA81BF455FB3F79E5E /* MaterialCommunityIcons.ttf in Resources */,
				C4485250B38649F69BC2AFD0 /* MaterialIcons.ttf in Resources */,
				52725E794888433C94918B68 /* Octicons.ttf in Resources */,
				90D8A05D63AB4814B4B54BAA /* SimpleLineIcons.ttf in Resources */,
				5DA0C72B916343CBBDD78254 /* Zocial.ttf in Resources */,
				0D8A009B32BE4220AC5F92C9 /* Montserrat-Black.ttf in Resources */,
				6287C734AAEE4B89A37C5E91 /* Montserrat-BlackItalic.ttf in Resources */,
				8FF09DD9DEE04ABC9BF18862 /* Montserrat-Bold.ttf in Resources */,
				A080BF7716BE4107B486B337 /* Montserrat-BoldItalic.ttf in Resources */,
				F873D71630E4442F8AB9D8AD /* Montserrat-ExtraBold.ttf in Resources */,
				A150BA03E5564C82B2C337A1 /* Montserrat-ExtraBoldItalic.ttf in Resources */,
				040839AE72394FB38578A3DB /* Montserrat-ExtraLight.ttf in Resources */,
				EFE67B6016184F8BA6D8D003 /* Montserrat-ExtraLightItalic.ttf in Resources */,
				1A5AEDDF3F9148999E06816C /* Montserrat-Light.ttf in Resources */,
				577A849AC6964655BD1C9989 /* Montserrat-LightItalic.ttf in Resources */,
				027A0D0DE9E44804BFCE38A9 /* Montserrat-Medium.ttf in Resources */,
				2FA7FE2FB1964C83A7C2A661 /* Montserrat-MediumItalic.ttf in Resources */,
				76ADE0203DB145289A2DBE2A /* Montserrat-Regular.ttf in Resources */,
				BF95CC836BA542DB81181950 /* Montserrat-RegularItalic.ttf in Resources */,
				FA31AC552671420CB9C3CBC6 /* Montserrat-SemiBold.ttf in Resources */,
				A645E0BB445C4745BEC342EE /* Montserrat-SemiBoldItalic.ttf in Resources */,
				416773285A1A440C98F47AF5 /* Montserrat-Thin.ttf in Resources */,
				CCDC9DFE0B0B44A181474A3D /* Montserrat-ThinItalic.ttf in Resources */,
				CC917CCD438D41948A1BDCB0 /* cycling.png in Resources */,
				1680F16E15E14651B632282E /* gym.png in Resources */,
				42B20E522EF34D849CE6BA79 /* ic_balance.png in Resources */,
				36B989DE09A94870ACD2124B /* ic_bike.png in Resources */,
				6B284AA94D824AECA97E38E8 /* ic_dance.png in Resources */,
				23DDE001C7714AA184193CA3 /* ic_lower_body.png in Resources */,
				C7F370960160479A85FEB37D /* ic_time.png in Resources */,
				A95AFB5B54D8467382BDC560 /* ic_upper_body.png in Resources */,
				479E826167E8407A938E62AF /* ic_yoga.png in Resources */,
				9CCA8BD3788F4C4D9AC4C7CF /* running.png in Resources */,
				E9CC24042A5E4A17B7D795DE /* yoga.png in Resources */,
			);
			runOnlyForDeploymentPostprocessing = 0;
		};
		2D02E4791E0B4A5D006451C7 /* Resources */ = {
			isa = PBXResourcesBuildPhase;
			buildActionMask = 2147483647;
			files = (
				2D02E4BD1E0B4A84006451C7 /* Images.xcassets in Resources */,
			);
			runOnlyForDeploymentPostprocessing = 0;
		};
		2D02E48E1E0B4A5D006451C7 /* Resources */ = {
			isa = PBXResourcesBuildPhase;
			buildActionMask = 2147483647;
			files = (
			);
			runOnlyForDeploymentPostprocessing = 0;
		};
/* End PBXResourcesBuildPhase section */

/* Begin PBXShellScriptBuildPhase section */
		00DD1BFF1BD5951E006B06BC /* Bundle React Native code and images */ = {
			isa = PBXShellScriptBuildPhase;
			buildActionMask = 2147483647;
			files = (
			);
			inputPaths = (
			);
			name = "Bundle React Native code and images";
			outputPaths = (
			);
			runOnlyForDeploymentPostprocessing = 0;
			shellPath = /bin/sh;
			shellScript = "export NODE_BINARY=node\n../node_modules/react-native/scripts/react-native-xcode.sh";
		};
		2D02E4CB1E0B4B27006451C7 /* Bundle React Native Code And Images */ = {
			isa = PBXShellScriptBuildPhase;
			buildActionMask = 2147483647;
			files = (
			);
			inputPaths = (
			);
			name = "Bundle React Native Code And Images";
			outputPaths = (
			);
			runOnlyForDeploymentPostprocessing = 0;
			shellPath = /bin/sh;
			shellScript = "export NODE_BINARY=node\n../node_modules/react-native/scripts/react-native-xcode.sh";
		};
		FD10A7F022414F080027D42C /* Start Packager */ = {
			isa = PBXShellScriptBuildPhase;
			buildActionMask = 2147483647;
			files = (
			);
			inputFileListPaths = (
			);
			inputPaths = (
			);
			name = "Start Packager";
			outputFileListPaths = (
			);
			outputPaths = (
			);
			runOnlyForDeploymentPostprocessing = 0;
			shellPath = /bin/sh;
			shellScript = "export RCT_METRO_PORT=\"${RCT_METRO_PORT:=8081}\"\necho \"export RCT_METRO_PORT=${RCT_METRO_PORT}\" > \"${SRCROOT}/../node_modules/react-native/scripts/.packager.env\"\nif [ -z \"${RCT_NO_LAUNCH_PACKAGER+xxx}\" ] ; then\n  if nc -w 5 -z localhost ${RCT_METRO_PORT} ; then\n    if ! curl -s \"http://localhost:${RCT_METRO_PORT}/status\" | grep -q \"packager-status:running\" ; then\n      echo \"Port ${RCT_METRO_PORT} already in use, packager is either not running or not running correctly\"\n      exit 2\n    fi\n  else\n    open \"$SRCROOT/../node_modules/react-native/scripts/launchPackager.command\" || echo \"Can't start packager automatically\"\n  fi\nfi\n";
			showEnvVarsInLog = 0;
		};
		FD10A7F122414F3F0027D42C /* Start Packager */ = {
			isa = PBXShellScriptBuildPhase;
			buildActionMask = 2147483647;
			files = (
			);
			inputFileListPaths = (
			);
			inputPaths = (
			);
			name = "Start Packager";
			outputFileListPaths = (
			);
			outputPaths = (
			);
			runOnlyForDeploymentPostprocessing = 0;
			shellPath = /bin/sh;
			shellScript = "export RCT_METRO_PORT=\"${RCT_METRO_PORT:=8081}\"\necho \"export RCT_METRO_PORT=${RCT_METRO_PORT}\" > \"${SRCROOT}/../node_modules/react-native/scripts/.packager.env\"\nif [ -z \"${RCT_NO_LAUNCH_PACKAGER+xxx}\" ] ; then\n  if nc -w 5 -z localhost ${RCT_METRO_PORT} ; then\n    if ! curl -s \"http://localhost:${RCT_METRO_PORT}/status\" | grep -q \"packager-status:running\" ; then\n      echo \"Port ${RCT_METRO_PORT} already in use, packager is either not running or not running correctly\"\n      exit 2\n    fi\n  else\n    open \"$SRCROOT/../node_modules/react-native/scripts/launchPackager.command\" || echo \"Can't start packager automatically\"\n  fi\nfi\n";
			showEnvVarsInLog = 0;
		};
/* End PBXShellScriptBuildPhase section */

/* Begin PBXSourcesBuildPhase section */
		00E356EA1AD99517003FC87E /* Sources */ = {
			isa = PBXSourcesBuildPhase;
			buildActionMask = 2147483647;
			files = (
				00E356F31AD99517003FC87E /* mundodevopsdesafioTests.m in Sources */,
			);
			runOnlyForDeploymentPostprocessing = 0;
		};
		13B07F871A680F5B00A75B9A /* Sources */ = {
			isa = PBXSourcesBuildPhase;
			buildActionMask = 2147483647;
			files = (
				13B07FBC1A68108700A75B9A /* AppDelegate.m in Sources */,
				13B07FC11A68108700A75B9A /* main.m in Sources */,
			);
			runOnlyForDeploymentPostprocessing = 0;
		};
		2D02E4771E0B4A5D006451C7 /* Sources */ = {
			isa = PBXSourcesBuildPhase;
			buildActionMask = 2147483647;
			files = (
				2D02E4BF1E0B4AB3006451C7 /* main.m in Sources */,
				2D02E4BC1E0B4A80006451C7 /* AppDelegate.m in Sources */,
			);
			runOnlyForDeploymentPostprocessing = 0;
		};
		2D02E48C1E0B4A5D006451C7 /* Sources */ = {
			isa = PBXSourcesBuildPhase;
			buildActionMask = 2147483647;
			files = (
				2DCD954D1E0B4F2C00145EB5 /* mundodevopsdesafioTests.m in Sources */,
			);
			runOnlyForDeploymentPostprocessing = 0;
		};
/* End PBXSourcesBuildPhase section */

/* Begin PBXTargetDependency section */
		00E356F51AD99517003FC87E /* PBXTargetDependency */ = {
			isa = PBXTargetDependency;
			target = 13B07F861A680F5B00A75B9A /* mundodevopsdesafio */;
			targetProxy = 00E356F41AD99517003FC87E /* PBXContainerItemProxy */;
		};
		2D02E4921E0B4A5D006451C7 /* PBXTargetDependency */ = {
			isa = PBXTargetDependency;
			target = 2D02E47A1E0B4A5D006451C7 /* mundodevopsdesafio-tvOS */;
			targetProxy = 2D02E4911E0B4A5D006451C7 /* PBXContainerItemProxy */;
		};
/* End PBXTargetDependency section */

/* Begin PBXVariantGroup section */
		13B07FB11A68108700A75B9A /* LaunchScreen.xib */ = {
			isa = PBXVariantGroup;
			children = (
				13B07FB21A68108700A75B9A /* Base */,
			);
			name = LaunchScreen.xib;
			path = mundodevopsdesafio;
			sourceTree = "<group>";
		};
/* End PBXVariantGroup section */

/* Begin XCBuildConfiguration section */
		00E356F61AD99517003FC87E /* Debug */ = {
			isa = XCBuildConfiguration;
			buildSettings = {
				BUNDLE_LOADER = "$(TEST_HOST)";
				GCC_PREPROCESSOR_DEFINITIONS = (
					"DEBUG=1",
					"$(inherited)",
				);
				INFOPLIST_FILE = mundodevopsdesafioTests/Info.plist;
				IPHONEOS_DEPLOYMENT_TARGET = 9.0;
				LD_RUNPATH_SEARCH_PATHS = "$(inherited) @executable_path/Frameworks @loader_path/Frameworks";
				OTHER_LDFLAGS = (
					"-ObjC",
					"-lc++",
					"$(inherited)",
				);
				PRODUCT_BUNDLE_IDENTIFIER = "org.reactjs.native.example.$(PRODUCT_NAME:rfc1034identifier)";
				PRODUCT_NAME = "$(TARGET_NAME)";
				TEST_HOST = "$(BUILT_PRODUCTS_DIR)/mundodevopsdesafio.app/mundodevopsdesafio";
			};
			name = Debug;
		};
		00E356F71AD99517003FC87E /* Release */ = {
			isa = XCBuildConfiguration;
			buildSettings = {
				BUNDLE_LOADER = "$(TEST_HOST)";
				COPY_PHASE_STRIP = NO;
				INFOPLIST_FILE = mundodevopsdesafioTests/Info.plist;
				IPHONEOS_DEPLOYMENT_TARGET = 9.0;
				LD_RUNPATH_SEARCH_PATHS = "$(inherited) @executable_path/Frameworks @loader_path/Frameworks";
				OTHER_LDFLAGS = (
					"-ObjC",
					"-lc++",
					"$(inherited)",
				);
				PRODUCT_BUNDLE_IDENTIFIER = "org.reactjs.native.example.$(PRODUCT_NAME:rfc1034identifier)";
				PRODUCT_NAME = "$(TARGET_NAME)";
				TEST_HOST = "$(BUILT_PRODUCTS_DIR)/mundodevopsdesafio.app/mundodevopsdesafio";
			};
			name = Release;
		};
		13B07F941A680F5B00A75B9A /* Debug */ = {
			isa = XCBuildConfiguration;
			buildSettings = {
				ASSETCATALOG_COMPILER_APPICON_NAME = AppIcon;
				CURRENT_PROJECT_VERSION = 1;
				DEAD_CODE_STRIPPING = NO;
				INFOPLIST_FILE = mundodevopsdesafio/Info.plist;
				LD_RUNPATH_SEARCH_PATHS = "$(inherited) @executable_path/Frameworks";
				OTHER_LDFLAGS = (
					"$(inherited)",
					"-ObjC",
					"-lc++",
				);
				PRODUCT_BUNDLE_IDENTIFIER = "org.reactjs.native.example.$(PRODUCT_NAME:rfc1034identifier)";
				PRODUCT_NAME = mundodevopsdesafio;
				VERSIONING_SYSTEM = "apple-generic";
			};
			name = Debug;
		};
		13B07F951A680F5B00A75B9A /* Release */ = {
			isa = XCBuildConfiguration;
			buildSettings = {
				ASSETCATALOG_COMPILER_APPICON_NAME = AppIcon;
				CURRENT_PROJECT_VERSION = 1;
				INFOPLIST_FILE = mundodevopsdesafio/Info.plist;
				LD_RUNPATH_SEARCH_PATHS = "$(inherited) @executable_path/Frameworks";
				OTHER_LDFLAGS = (
					"$(inherited)",
					"-ObjC",
					"-lc++",
				);
				PRODUCT_BUNDLE_IDENTIFIER = "org.reactjs.native.example.$(PRODUCT_NAME:rfc1034identifier)";
				PRODUCT_NAME = mundodevopsdesafio;
				VERSIONING_SYSTEM = "apple-generic";
			};
			name = Release;
		};
		2D02E4971E0B4A5E006451C7 /* Debug */ = {
			isa = XCBuildConfiguration;
			buildSettings = {
				ASSETCATALOG_COMPILER_APPICON_NAME = "App Icon & Top Shelf Image";
				ASSETCATALOG_COMPILER_LAUNCHIMAGE_NAME = LaunchImage;
				CLANG_ANALYZER_NONNULL = YES;
				CLANG_WARN_DOCUMENTATION_COMMENTS = YES;
				CLANG_WARN_INFINITE_RECURSION = YES;
				CLANG_WARN_SUSPICIOUS_MOVE = YES;
				DEBUG_INFORMATION_FORMAT = dwarf;
				ENABLE_TESTABILITY = YES;
				GCC_NO_COMMON_BLOCKS = YES;
				INFOPLIST_FILE = "mundodevopsdesafio-tvOS/Info.plist";
				LD_RUNPATH_SEARCH_PATHS = "$(inherited) @executable_path/Frameworks";
				OTHER_LDFLAGS = (
					"$(inherited)",
					"-ObjC",
					"-lc++",
				);
				PRODUCT_BUNDLE_IDENTIFIER = "com.facebook.REACT.mundodevopsdesafio-tvOS";
				PRODUCT_NAME = "$(TARGET_NAME)";
				SDKROOT = appletvos;
				TARGETED_DEVICE_FAMILY = 3;
				TVOS_DEPLOYMENT_TARGET = 9.2;
			};
			name = Debug;
		};
		2D02E4981E0B4A5E006451C7 /* Release */ = {
			isa = XCBuildConfiguration;
			buildSettings = {
				ASSETCATALOG_COMPILER_APPICON_NAME = "App Icon & Top Shelf Image";
				ASSETCATALOG_COMPILER_LAUNCHIMAGE_NAME = LaunchImage;
				CLANG_ANALYZER_NONNULL = YES;
				CLANG_WARN_DOCUMENTATION_COMMENTS = YES;
				CLANG_WARN_INFINITE_RECURSION = YES;
				CLANG_WARN_SUSPICIOUS_MOVE = YES;
				COPY_PHASE_STRIP = NO;
				DEBUG_INFORMATION_FORMAT = "dwarf-with-dsym";
				GCC_NO_COMMON_BLOCKS = YES;
				INFOPLIST_FILE = "mundodevopsdesafio-tvOS/Info.plist";
				LD_RUNPATH_SEARCH_PATHS = "$(inherited) @executable_path/Frameworks";
				OTHER_LDFLAGS = (
					"$(inherited)",
					"-ObjC",
					"-lc++",
				);
				PRODUCT_BUNDLE_IDENTIFIER = "com.facebook.REACT.mundodevopsdesafio-tvOS";
				PRODUCT_NAME = "$(TARGET_NAME)";
				SDKROOT = appletvos;
				TARGETED_DEVICE_FAMILY = 3;
				TVOS_DEPLOYMENT_TARGET = 9.2;
			};
			name = Release;
		};
		2D02E4991E0B4A5E006451C7 /* Debug */ = {
			isa = XCBuildConfiguration;
			buildSettings = {
				BUNDLE_LOADER = "$(TEST_HOST)";
				CLANG_ANALYZER_NONNULL = YES;
				CLANG_WARN_DOCUMENTATION_COMMENTS = YES;
				CLANG_WARN_INFINITE_RECURSION = YES;
				CLANG_WARN_SUSPICIOUS_MOVE = YES;
				DEBUG_INFORMATION_FORMAT = dwarf;
				ENABLE_TESTABILITY = YES;
				GCC_NO_COMMON_BLOCKS = YES;
				INFOPLIST_FILE = "mundodevopsdesafio-tvOSTests/Info.plist";
				LD_RUNPATH_SEARCH_PATHS = "$(inherited) @executable_path/Frameworks @loader_path/Frameworks";
				OTHER_LDFLAGS = (
					"$(inherited)",
					"-ObjC",
					"-lc++",
				);
				PRODUCT_BUNDLE_IDENTIFIER = "com.facebook.REACT.mundodevopsdesafio-tvOSTests";
				PRODUCT_NAME = "$(TARGET_NAME)";
				SDKROOT = appletvos;
				TEST_HOST = "$(BUILT_PRODUCTS_DIR)/mundodevopsdesafio-tvOS.app/mundodevopsdesafio-tvOS";
				TVOS_DEPLOYMENT_TARGET = 10.1;
			};
			name = Debug;
		};
		2D02E49A1E0B4A5E006451C7 /* Release */ = {
			isa = XCBuildConfiguration;
			buildSettings = {
				BUNDLE_LOADER = "$(TEST_HOST)";
				CLANG_ANALYZER_NONNULL = YES;
				CLANG_WARN_DOCUMENTATION_COMMENTS = YES;
				CLANG_WARN_INFINITE_RECURSION = YES;
				CLANG_WARN_SUSPICIOUS_MOVE = YES;
				COPY_PHASE_STRIP = NO;
				DEBUG_INFORMATION_FORMAT = "dwarf-with-dsym";
				GCC_NO_COMMON_BLOCKS = YES;
				INFOPLIST_FILE = "mundodevopsdesafio-tvOSTests/Info.plist";
				LD_RUNPATH_SEARCH_PATHS = "$(inherited) @executable_path/Frameworks @loader_path/Frameworks";
				OTHER_LDFLAGS = (
					"$(inherited)",
					"-ObjC",
					"-lc++",
				);
				PRODUCT_BUNDLE_IDENTIFIER = "com.facebook.REACT.mundodevopsdesafio-tvOSTests";
				PRODUCT_NAME = "$(TARGET_NAME)";
				SDKROOT = appletvos;
				TEST_HOST = "$(BUILT_PRODUCTS_DIR)/mundodevopsdesafio-tvOS.app/mundodevopsdesafio-tvOS";
				TVOS_DEPLOYMENT_TARGET = 10.1;
			};
			name = Release;
		};
		83CBBA201A601CBA00E9B192 /* Debug */ = {
			isa = XCBuildConfiguration;
			buildSettings = {
				ALWAYS_SEARCH_USER_PATHS = NO;
				CLANG_CXX_LANGUAGE_STANDARD = "gnu++0x";
				CLANG_CXX_LIBRARY = "libc++";
				CLANG_ENABLE_MODULES = YES;
				CLANG_ENABLE_OBJC_ARC = YES;
				CLANG_WARN_BLOCK_CAPTURE_AUTORELEASING = YES;
				CLANG_WARN_BOOL_CONVERSION = YES;
				CLANG_WARN_COMMA = YES;
				CLANG_WARN_CONSTANT_CONVERSION = YES;
				CLANG_WARN_DEPRECATED_OBJC_IMPLEMENTATIONS = YES;
				CLANG_WARN_DIRECT_OBJC_ISA_USAGE = YES_ERROR;
				CLANG_WARN_EMPTY_BODY = YES;
				CLANG_WARN_ENUM_CONVERSION = YES;
				CLANG_WARN_INFINITE_RECURSION = YES;
				CLANG_WARN_INT_CONVERSION = YES;
				CLANG_WARN_NON_LITERAL_NULL_CONVERSION = YES;
				CLANG_WARN_OBJC_IMPLICIT_RETAIN_SELF = YES;
				CLANG_WARN_OBJC_LITERAL_CONVERSION = YES;
				CLANG_WARN_OBJC_ROOT_CLASS = YES_ERROR;
				CLANG_WARN_RANGE_LOOP_ANALYSIS = YES;
				CLANG_WARN_STRICT_PROTOTYPES = YES;
				CLANG_WARN_SUSPICIOUS_MOVE = YES;
				CLANG_WARN_UNREACHABLE_CODE = YES;
				CLANG_WARN__DUPLICATE_METHOD_MATCH = YES;
				"CODE_SIGN_IDENTITY[sdk=iphoneos*]" = "iPhone Developer";
				COPY_PHASE_STRIP = NO;
				ENABLE_STRICT_OBJC_MSGSEND = YES;
				ENABLE_TESTABILITY = YES;
				GCC_C_LANGUAGE_STANDARD = gnu99;
				GCC_DYNAMIC_NO_PIC = NO;
				GCC_NO_COMMON_BLOCKS = YES;
				GCC_OPTIMIZATION_LEVEL = 0;
				GCC_PREPROCESSOR_DEFINITIONS = (
					"DEBUG=1",
					"$(inherited)",
				);
				GCC_SYMBOLS_PRIVATE_EXTERN = NO;
				GCC_WARN_64_TO_32_BIT_CONVERSION = YES;
				GCC_WARN_ABOUT_RETURN_TYPE = YES_ERROR;
				GCC_WARN_UNDECLARED_SELECTOR = YES;
				GCC_WARN_UNINITIALIZED_AUTOS = YES_AGGRESSIVE;
				GCC_WARN_UNUSED_FUNCTION = YES;
				GCC_WARN_UNUSED_VARIABLE = YES;
				IPHONEOS_DEPLOYMENT_TARGET = 9.0;
				MTL_ENABLE_DEBUG_INFO = YES;
				ONLY_ACTIVE_ARCH = YES;
				SDKROOT = iphoneos;
			};
			name = Debug;
		};
		83CBBA211A601CBA00E9B192 /* Release */ = {
			isa = XCBuildConfiguration;
			buildSettings = {
				ALWAYS_SEARCH_USER_PATHS = NO;
				CLANG_CXX_LANGUAGE_STANDARD = "gnu++0x";
				CLANG_CXX_LIBRARY = "libc++";
				CLANG_ENABLE_MODULES = YES;
				CLANG_ENABLE_OBJC_ARC = YES;
				CLANG_WARN_BLOCK_CAPTURE_AUTORELEASING = YES;
				CLANG_WARN_BOOL_CONVERSION = YES;
				CLANG_WARN_COMMA = YES;
				CLANG_WARN_CONSTANT_CONVERSION = YES;
				CLANG_WARN_DEPRECATED_OBJC_IMPLEMENTATIONS = YES;
				CLANG_WARN_DIRECT_OBJC_ISA_USAGE = YES_ERROR;
				CLANG_WARN_EMPTY_BODY = YES;
				CLANG_WARN_ENUM_CONVERSION = YES;
				CLANG_WARN_INFINITE_RECURSION = YES;
				CLANG_WARN_INT_CONVERSION = YES;
				CLANG_WARN_NON_LITERAL_NULL_CONVERSION = YES;
				CLANG_WARN_OBJC_IMPLICIT_RETAIN_SELF = YES;
				CLANG_WARN_OBJC_LITERAL_CONVERSION = YES;
				CLANG_WARN_OBJC_ROOT_CLASS = YES_ERROR;
				CLANG_WARN_RANGE_LOOP_ANALYSIS = YES;
				CLANG_WARN_STRICT_PROTOTYPES = YES;
				CLANG_WARN_SUSPICIOUS_MOVE = YES;
				CLANG_WARN_UNREACHABLE_CODE = YES;
				CLANG_WARN__DUPLICATE_METHOD_MATCH = YES;
				"CODE_SIGN_IDENTITY[sdk=iphoneos*]" = "iPhone Developer";
				COPY_PHASE_STRIP = YES;
				ENABLE_NS_ASSERTIONS = NO;
				ENABLE_STRICT_OBJC_MSGSEND = YES;
				GCC_C_LANGUAGE_STANDARD = gnu99;
				GCC_NO_COMMON_BLOCKS = YES;
				GCC_WARN_64_TO_32_BIT_CONVERSION = YES;
				GCC_WARN_ABOUT_RETURN_TYPE = YES_ERROR;
				GCC_WARN_UNDECLARED_SELECTOR = YES;
				GCC_WARN_UNINITIALIZED_AUTOS = YES_AGGRESSIVE;
				GCC_WARN_UNUSED_FUNCTION = YES;
				GCC_WARN_UNUSED_VARIABLE = YES;
				IPHONEOS_DEPLOYMENT_TARGET = 9.0;
				MTL_ENABLE_DEBUG_INFO = NO;
				SDKROOT = iphoneos;
				VALIDATE_PRODUCT = YES;
			};
			name = Release;
		};
/* End XCBuildConfiguration section */

/* Begin XCConfigurationList section */
		00E357021AD99517003FC87E /* Build configuration list for PBXNativeTarget "mundodevopsdesafioTests" */ = {
			isa = XCConfigurationList;
			buildConfigurations = (
				00E356F61AD99517003FC87E /* Debug */,
				00E356F71AD99517003FC87E /* Release */,
			);
			defaultConfigurationIsVisible = 0;
			defaultConfigurationName = Release;
		};
		13B07F931A680F5B00A75B9A /* Build configuration list for PBXNativeTarget "mundodevopsdesafio" */ = {
			isa = XCConfigurationList;
			buildConfigurations = (
				13B07F941A680F5B00A75B9A /* Debug */,
				13B07F951A680F5B00A75B9A /* Release */,
			);
			defaultConfigurationIsVisible = 0;
			defaultConfigurationName = Release;
		};
		2D02E4BA1E0B4A5E006451C7 /* Build configuration list for PBXNativeTarget "mundodevopsdesafio-tvOS" */ = {
			isa = XCConfigurationList;
			buildConfigurations = (
				2D02E4971E0B4A5E006451C7 /* Debug */,
				2D02E4981E0B4A5E006451C7 /* Release */,
			);
			defaultConfigurationIsVisible = 0;
			defaultConfigurationName = Release;
		};
		2D02E4BB1E0B4A5E006451C7 /* Build configuration list for PBXNativeTarget "mundodevopsdesafio-tvOSTests" */ = {
			isa = XCConfigurationList;
			buildConfigurations = (
				2D02E4991E0B4A5E006451C7 /* Debug */,
				2D02E49A1E0B4A5E006451C7 /* Release */,
			);
			defaultConfigurationIsVisible = 0;
			defaultConfigurationName = Release;
		};
		83CBB9FA1A601CBA00E9B192 /* Build configuration list for PBXProject "mundodevopsdesafio" */ = {
			isa = XCConfigurationList;
			buildConfigurations = (
				83CBBA201A601CBA00E9B192 /* Debug */,
				83CBBA211A601CBA00E9B192 /* Release */,
			);
			defaultConfigurationIsVisible = 0;
			defaultConfigurationName = Release;
		};
/* End XCConfigurationList section */
	};
	rootObject = 83CBB9F71A601CBA00E9B192 /* Project object */;
}
